
Microsoft Visual Studio Solution File, Format Version 12.00
# Visual Studio 2013
VisualStudioVersion = 12.0.31101.0
MinimumVisualStudioVersion = 10.0.40219.1
Project("{FAE04EC0-301F-11D3-BF4B-00C04F79EFBC}") = "Demo.Data", "MYFIRSTAPP.Model.Data\MYFIRSTAPP.Model.Data.csproj", "{5421342f-a7e5-4b3d-d200-8f134cfb9f09}"
EndProject
Project("{FAE04EC0-301F-11D3-BF4B-00C04F79EFBC}") = "Demo.Model", "MYFIRSTAPP.Model.Model\MYFIRSTAPP.Model.Model.csproj", "{a0c468b3-0636-4126-a63e-8be77e886abc}"
EndProject
Global
	GlobalSection(SolutionConfigurationPlatforms) = preSolution
		Debug|Any CPU = Debug|Any CPU
		Release|Any CPU = Release|Any CPU
	EndGlobalSection
	GlobalSection(ProjectConfigurationPlatforms) = postSolution
		{C298FF0F-3972-4EBB-8546-79529DF819BD}.Debug|Any CPU.ActiveCfg = Debug|Any CPU
		{C298FF0F-3972-4EBB-8546-79529DF819BD}.Debug|Any CPU.Build.0 = Debug|Any CPU
		{C298FF0F-3972-4EBB-8546-79529DF819BD}.Release|Any CPU.ActiveCfg = Release|Any CPU
		{C298FF0F-3972-4EBB-8546-79529DF819BD}.Release|Any CPU.Build.0 = Release|Any CPU
		{947FBE43-FA7E-41ED-B2F4-A870C3CBC9F4}.Debug|Any CPU.ActiveCfg = Debug|Any CPU
		{947FBE43-FA7E-41ED-B2F4-A870C3CBC9F4}.Debug|Any CPU.Build.0 = Debug|Any CPU
		{947FBE43-FA7E-41ED-B2F4-A870C3CBC9F4}.Release|Any CPU.ActiveCfg = Release|Any CPU
		{947FBE43-FA7E-41ED-B2F4-A870C3CBC9F4}.Release|Any CPU.Build.0 = Release|Any CPU
	EndGlobalSection
	GlobalSection(SolutionProperties) = preSolution
		HideSolutionNode = FALSE
	EndGlobalSection
EndGlobal
